
Microsoft Visual Studio Solution File, Format Version 12.00
# Visual Studio 15
VisualStudioVersion = 15.0.27703.2026
MinimumVisualStudioVersion = 10.0.40219.1
Project("{FAE04EC0-301F-11D3-BF4B-00C04F79EFBC}") = "cgi", "cgi\cgi.csproj", "{00832227-C673-4909-81B8-14537F05DE1E}"
EndProject
Global
	GlobalSection(SolutionConfigurationPlatforms) = preSolution
		Debug|Any CPU = Debug|Any CPU
		Release|Any CPU = Release|Any CPU
	EndGlobalSection
	GlobalSection(ProjectConfigurationPlatforms) = postSolution
		{00832227-C673-4909-81B8-14537F05DE1E}.Debug|Any CPU.ActiveCfg = Debug|Any CPU
		{00832227-C673-4909-81B8-14537F05DE1E}.Debug|Any CPU.Build.0 = Debug|Any CPU
		{00832227-C673-4909-81B8-14537F05DE1E}.Release|Any CPU.ActiveCfg = Release|Any CPU
		{00832227-C673-4909-81B8-14537F05DE1E}.Release|Any CPU.Build.0 = Release|Any CPU
	EndGlobalSection
	GlobalSection(SolutionProperties) = preSolution
		HideSolutionNode = FALSE
	EndGlobalSection
	GlobalSection(ExtensibilityGlobals) = postSolution
		SolutionGuid = {BDE09D0E-44EC-4358-939A-3D024408593E}
	EndGlobalSection
EndGlobal
